
Microsoft Visual Studio Solution File, Format Version 12.00
# Visual Studio Version 16
VisualStudioVersion = 16.0.28922.388
MinimumVisualStudioVersion = 10.0.40219.1
Project("{FAE04EC0-301F-11D3-BF4B-00C04F79EFBC}") = "PRUEBA_CORE", "PRUEBA_CORE\PRUEBA_CORE.csproj", "{42F7A38B-5F36-4B45-87DD-599B3E144D7A}"
EndProject
Global
	GlobalSection(SolutionConfigurationPlatforms) = preSolution
		Debug|Any CPU = Debug|Any CPU
		Release|Any CPU = Release|Any CPU
	EndGlobalSection
	GlobalSection(ProjectConfigurationPlatforms) = postSolution
		{42F7A38B-5F36-4B45-87DD-599B3E144D7A}.Debug|Any CPU.ActiveCfg = Debug|Any CPU
		{42F7A38B-5F36-4B45-87DD-599B3E144D7A}.Debug|Any CPU.Build.0 = Debug|Any CPU
		{42F7A38B-5F36-4B45-87DD-599B3E144D7A}.Release|Any CPU.ActiveCfg = Release|Any CPU
		{42F7A38B-5F36-4B45-87DD-599B3E144D7A}.Release|Any CPU.Build.0 = Release|Any CPU
	EndGlobalSection
	GlobalSection(SolutionProperties) = preSolution
		HideSolutionNode = FALSE
	EndGlobalSection
	GlobalSection(ExtensibilityGlobals) = postSolution
		SolutionGuid = {F27CC878-FDAD-4F1C-A7F8-ACEA3278BD4A}
	EndGlobalSection
EndGlobal
